
Microsoft Visual Studio Solution File, Format Version 12.00
# Visual Studio 15
VisualStudioVersion = 15.0.28307.271
MinimumVisualStudioVersion = 10.0.40219.1
Project("{FAE04EC0-301F-11D3-BF4B-00C04F79EFBC}") = "JudoPayApp.Android", "JudoPayApp\JudoPayApp.Android\JudoPayApp.Android.csproj", "{47F1B1ED-03DD-4956-B497-C44F114D46F7}"
EndProject
Project("{FAE04EC0-301F-11D3-BF4B-00C04F79EFBC}") = "JudoPayApp.iOS", "JudoPayApp\JudoPayApp.iOS\JudoPayApp.iOS.csproj", "{13F7D61E-9265-470E-80D6-690F42EF6DFC}"
EndProject
Project("{FAE04EC0-301F-11D3-BF4B-00C04F79EFBC}") = "JudoPayApp", "JudoPayApp\JudoPayApp\JudoPayApp.csproj", "{363D67C9-086C-4499-8AC4-EED58E6AB170}"
EndProject
Global
	GlobalSection(SolutionConfigurationPlatforms) = preSolution
		Ad-Hoc|Any CPU = Ad-Hoc|Any CPU
		Ad-Hoc|iPhone = Ad-Hoc|iPhone
		Ad-Hoc|iPhoneSimulator = Ad-Hoc|iPhoneSimulator
		AppStore|Any CPU = AppStore|Any CPU
		AppStore|iPhone = AppStore|iPhone
		AppStore|iPhoneSimulator = AppStore|iPhoneSimulator
		Debug|Any CPU = Debug|Any CPU
		Debug|iPhone = Debug|iPhone
		Debug|iPhoneSimulator = Debug|iPhoneSimulator
		Release|Any CPU = Release|Any CPU
		Release|iPhone = Release|iPhone
		Release|iPhoneSimulator = Release|iPhoneSimulator
	EndGlobalSection
	GlobalSection(ProjectConfigurationPlatforms) = postSolution
		{47F1B1ED-03DD-4956-B497-C44F114D46F7}.Ad-Hoc|Any CPU.ActiveCfg = Release|Any CPU
		{47F1B1ED-03DD-4956-B497-C44F114D46F7}.Ad-Hoc|Any CPU.Build.0 = Release|Any CPU
		{47F1B1ED-03DD-4956-B497-C44F114D46F7}.Ad-Hoc|Any CPU.Deploy.0 = Release|Any CPU
		{47F1B1ED-03DD-4956-B497-C44F114D46F7}.Ad-Hoc|iPhone.ActiveCfg = Release|Any CPU
		{47F1B1ED-03DD-4956-B497-C44F114D46F7}.Ad-Hoc|iPhone.Build.0 = Release|Any CPU
		{47F1B1ED-03DD-4956-B497-C44F114D46F7}.Ad-Hoc|iPhone.Deploy.0 = Release|Any CPU
		{47F1B1ED-03DD-4956-B497-C44F114D46F7}.Ad-Hoc|iPhoneSimulator.ActiveCfg = Release|Any CPU
		{47F1B1ED-03DD-4956-B497-C44F114D46F7}.Ad-Hoc|iPhoneSimulator.Build.0 = Release|Any CPU
		{47F1B1ED-03DD-4956-B497-C44F114D46F7}.Ad-Hoc|iPhoneSimulator.Deploy.0 = Release|Any CPU
		{47F1B1ED-03DD-4956-B497-C44F114D46F7}.AppStore|Any CPU.ActiveCfg = Release|Any CPU
		{47F1B1ED-03DD-4956-B497-C44F114D46F7}.AppStore|Any CPU.Build.0 = Release|Any CPU
		{47F1B1ED-03DD-4956-B497-C44F114D46F7}.AppStore|Any CPU.Deploy.0 = Release|Any CPU
		{47F1B1ED-03DD-4956-B497-C44F114D46F7}.AppStore|iPhone.ActiveCfg = Release|Any CPU
		{47F1B1ED-03DD-4956-B497-C44F114D46F7}.AppStore|iPhone.Build.0 = Release|Any CPU
		{47F1B1ED-03DD-4956-B497-C44F114D46F7}.AppStore|iPhone.Deploy.0 = Release|Any CPU
		{47F1B1ED-03DD-4956-B497-C44F114D46F7}.AppStore|iPhoneSimulator.ActiveCfg = Release|Any CPU
		{47F1B1ED-03DD-4956-B497-C44F114D46F7}.AppStore|iPhoneSimulator.Build.0 = Release|Any CPU
		{47F1B1ED-03DD-4956-B497-C44F114D46F7}.AppStore|iPhoneSimulator.Deploy.0 = Release|Any CPU
		{47F1B1ED-03DD-4956-B497-C44F114D46F7}.Debug|Any CPU.ActiveCfg = Debug|Any CPU
		{47F1B1ED-03DD-4956-B497-C44F114D46F7}.Debug|Any CPU.Build.0 = Debug|Any CPU
		{47F1B1ED-03DD-4956-B497-C44F114D46F7}.Debug|Any CPU.Deploy.0 = Debug|Any CPU
		{47F1B1ED-03DD-4956-B497-C44F114D46F7}.Debug|iPhone.ActiveCfg = Debug|Any CPU
		{47F1B1ED-03DD-4956-B497-C44F114D46F7}.Debug|iPhone.Build.0 = Debug|Any CPU
		{47F1B1ED-03DD-4956-B497-C44F114D46F7}.Debug|iPhone.Deploy.0 = Debug|Any CPU
		{47F1B1ED-03DD-4956-B497-C44F114D46F7}.Debug|iPhoneSimulator.ActiveCfg = Debug|Any CPU
		{47F1B1ED-03DD-4956-B497-C44F114D46F7}.Debug|iPhoneSimulator.Build.0 = Debug|Any CPU
		{47F1B1ED-03DD-4956-B497-C44F114D46F7}.Debug|iPhoneSimulator.Deploy.0 = Debug|Any CPU
		{47F1B1ED-03DD-4956-B497-C44F114D46F7}.Release|Any CPU.ActiveCfg = Release|Any CPU
		{47F1B1ED-03DD-4956-B497-C44F114D46F7}.Release|Any CPU.Build.0 = Release|Any CPU
		{47F1B1ED-03DD-4956-B497-C44F114D46F7}.Release|Any CPU.Deploy.0 = Release|Any CPU
		{47F1B1ED-03DD-4956-B497-C44F114D46F7}.Release|iPhone.ActiveCfg = Release|Any CPU
		{47F1B1ED-03DD-4956-B497-C44F114D46F7}.Release|iPhone.Build.0 = Release|Any CPU
		{47F1B1ED-03DD-4956-B497-C44F114D46F7}.Release|iPhone.Deploy.0 = Release|Any CPU
		{47F1B1ED-03DD-4956-B497-C44F114D46F7}.Release|iPhoneSimulator.ActiveCfg = Release|Any CPU
		{47F1B1ED-03DD-4956-B497-C44F114D46F7}.Release|iPhoneSimulator.Build.0 = Release|Any CPU
		{47F1B1ED-03DD-4956-B497-C44F114D46F7}.Release|iPhoneSimulator.Deploy.0 = Release|Any CPU
		{13F7D61E-9265-470E-80D6-690F42EF6DFC}.Ad-Hoc|Any CPU.ActiveCfg = Ad-Hoc|iPhone
		{13F7D61E-9265-470E-80D6-690F42EF6DFC}.Ad-Hoc|Any CPU.Build.0 = Ad-Hoc|iPhone
		{13F7D61E-9265-470E-80D6-690F42EF6DFC}.Ad-Hoc|Any CPU.Deploy.0 = Ad-Hoc|iPhone
		{13F7D61E-9265-470E-80D6-690F42EF6DFC}.Ad-Hoc|iPhone.ActiveCfg = Ad-Hoc|iPhone
		{13F7D61E-9265-470E-80D6-690F42EF6DFC}.Ad-Hoc|iPhone.Build.0 = Ad-Hoc|iPhone
		{13F7D61E-9265-470E-80D6-690F42EF6DFC}.Ad-Hoc|iPhone.Deploy.0 = Ad-Hoc|iPhone
		{13F7D61E-9265-470E-80D6-690F42EF6DFC}.Ad-Hoc|iPhoneSimulator.ActiveCfg = Ad-Hoc|iPhoneSimulator
		{13F7D61E-9265-470E-80D6-690F42EF6DFC}.Ad-Hoc|iPhoneSimulator.Build.0 = Ad-Hoc|iPhoneSimulator
		{13F7D61E-9265-470E-80D6-690F42EF6DFC}.Ad-Hoc|iPhoneSimulator.Deploy.0 = Ad-Hoc|iPhoneSimulator
		{13F7D61E-9265-470E-80D6-690F42EF6DFC}.AppStore|Any CPU.ActiveCfg = AppStore|iPhone
		{13F7D61E-9265-470E-80D6-690F42EF6DFC}.AppStore|Any CPU.Build.0 = AppStore|iPhone
		{13F7D61E-9265-470E-80D6-690F42EF6DFC}.AppStore|Any CPU.Deploy.0 = AppStore|iPhone
		{13F7D61E-9265-470E-80D6-690F42EF6DFC}.AppStore|iPhone.ActiveCfg = AppStore|iPhone
		{13F7D61E-9265-470E-80D6-690F42EF6DFC}.AppStore|iPhone.Build.0 = AppStore|iPhone
		{13F7D61E-9265-470E-80D6-690F42EF6DFC}.AppStore|iPhone.Deploy.0 = AppStore|iPhone
		{13F7D61E-9265-470E-80D6-690F42EF6DFC}.AppStore|iPhoneSimulator.ActiveCfg = AppStore|iPhoneSimulator
		{13F7D61E-9265-470E-80D6-690F42EF6DFC}.AppStore|iPhoneSimulator.Build.0 = AppStore|iPhoneSimulator
		{13F7D61E-9265-470E-80D6-690F42EF6DFC}.AppStore|iPhoneSimulator.Deploy.0 = AppStore|iPhoneSimulator
		{13F7D61E-9265-470E-80D6-690F42EF6DFC}.Debug|Any CPU.ActiveCfg = Debug|iPhoneSimulator
		{13F7D61E-9265-470E-80D6-690F42EF6DFC}.Debug|Any CPU.Build.0 = Debug|iPhoneSimulator
		{13F7D61E-9265-470E-80D6-690F42EF6DFC}.Debug|Any CPU.Deploy.0 = Debug|iPhoneSimulator
		{13F7D61E-9265-470E-80D6-690F42EF6DFC}.Debug|iPhone.ActiveCfg = Debug|iPhone
		{13F7D61E-9265-470E-80D6-690F42EF6DFC}.Debug|iPhone.Build.0 = Debug|iPhone
		{13F7D61E-9265-470E-80D6-690F42EF6DFC}.Debug|iPhone.Deploy.0 = Debug|iPhone
		{13F7D61E-9265-470E-80D6-690F42EF6DFC}.Debug|iPhoneSimulator.ActiveCfg = Debug|iPhoneSimulator
		{13F7D61E-9265-470E-80D6-690F42EF6DFC}.Debug|iPhoneSimulator.Build.0 = Debug|iPhoneSimulator
		{13F7D61E-9265-470E-80D6-690F42EF6DFC}.Debug|iPhoneSimulator.Deploy.0 = Debug|iPhoneSimulator
		{13F7D61E-9265-470E-80D6-690F42EF6DFC}.Release|Any CPU.ActiveCfg = Release|iPhone
		{13F7D61E-9265-470E-80D6-690F42EF6DFC}.Release|Any CPU.Build.0 = Release|iPhone
		{13F7D61E-9265-470E-80D6-690F42EF6DFC}.Release|Any CPU.Deploy.0 = Release|iPhone
		{13F7D61E-9265-470E-80D6-690F42EF6DFC}.Release|iPhone.ActiveCfg = Release|iPhone
		{13F7D61E-9265-470E-80D6-690F42EF6DFC}.Release|iPhone.Build.0 = Release|iPhone
		{13F7D61E-9265-470E-80D6-690F42EF6DFC}.Release|iPhone.Deploy.0 = Release|iPhone
		{13F7D61E-9265-470E-80D6-690F42EF6DFC}.Release|iPhoneSimulator.ActiveCfg = Release|iPhoneSimulator
		{13F7D61E-9265-470E-80D6-690F42EF6DFC}.Release|iPhoneSimulator.Build.0 = Release|iPhoneSimulator
		{13F7D61E-9265-470E-80D6-690F42EF6DFC}.Release|iPhoneSimulator.Deploy.0 = Release|iPhoneSimulator
		{363D67C9-086C-4499-8AC4-EED58E6AB170}.Ad-Hoc|Any CPU.ActiveCfg = Debug|Any CPU
		{363D67C9-086C-4499-8AC4-EED58E6AB170}.Ad-Hoc|Any CPU.Build.0 = Debug|Any CPU
		{363D67C9-086C-4499-8AC4-EED58E6AB170}.Ad-Hoc|Any CPU.Deploy.0 = Debug|Any CPU
		{363D67C9-086C-4499-8AC4-EED58E6AB170}.Ad-Hoc|iPhone.ActiveCfg = Debug|Any CPU
		{363D67C9-086C-4499-8AC4-EED58E6AB170}.Ad-Hoc|iPhone.Build.0 = Debug|Any CPU
		{363D67C9-086C-4499-8AC4-EED58E6AB170}.Ad-Hoc|iPhone.Deploy.0 = Debug|Any CPU
		{363D67C9-086C-4499-8AC4-EED58E6AB170}.Ad-Hoc|iPhoneSimulator.ActiveCfg = Debug|Any CPU
		{363D67C9-086C-4499-8AC4-EED58E6AB170}.Ad-Hoc|iPhoneSimulator.Build.0 = Debug|Any CPU
		{363D67C9-086C-4499-8AC4-EED58E6AB170}.Ad-Hoc|iPhoneSimulator.Deploy.0 = Debug|Any CPU
		{363D67C9-086C-4499-8AC4-EED58E6AB170}.AppStore|Any CPU.ActiveCfg = Debug|Any CPU
		{363D67C9-086C-4499-8AC4-EED58E6AB170}.AppStore|Any CPU.Build.0 = Debug|Any CPU
		{363D67C9-086C-4499-8AC4-EED58E6AB170}.AppStore|Any CPU.Deploy.0 = Debug|Any CPU
		{363D67C9-086C-4499-8AC4-EED58E6AB170}.AppStore|iPhone.ActiveCfg = Debug|Any CPU
		{363D67C9-086C-4499-8AC4-EED58E6AB170}.AppStore|iPhone.Build.0 = Debug|Any CPU
		{363D67C9-086C-4499-8AC4-EED58E6AB170}.AppStore|iPhone.Deploy.0 = Debug|Any CPU
		{363D67C9-086C-4499-8AC4-EED58E6AB170}.AppStore|iPhoneSimulator.ActiveCfg = Debug|Any CPU
		{363D67C9-086C-4499-8AC4-EED58E6AB170}.AppStore|iPhoneSimulator.Build.0 = Debug|Any CPU
		{363D67C9-086C-4499-8AC4-EED58E6AB170}.AppStore|iPhoneSimulator.Deploy.0 = Debug|Any CPU
		{363D67C9-086C-4499-8AC4-EED58E6AB170}.Debug|Any CPU.ActiveCfg = Debug|Any CPU
		{363D67C9-086C-4499-8AC4-EED58E6AB170}.Debug|Any CPU.Build.0 = Debug|Any CPU
		{363D67C9-086C-4499-8AC4-EED58E6AB170}.Debug|Any CPU.Deploy.0 = Debug|Any CPU
		{363D67C9-086C-4499-8AC4-EED58E6AB170}.Debug|iPhone.ActiveCfg = Debug|Any CPU
		{363D67C9-086C-4499-8AC4-EED58E6AB170}.Debug|iPhone.Build.0 = Debug|Any CPU
		{363D67C9-086C-4499-8AC4-EED58E6AB170}.Debug|iPhone.Deploy.0 = Debug|Any CPU
		{363D67C9-086C-4499-8AC4-EED58E6AB170}.Debug|iPhoneSimulator.ActiveCfg = Debug|Any CPU
		{363D67C9-086C-4499-8AC4-EED58E6AB170}.Debug|iPhoneSimulator.Build.0 = Debug|Any CPU
		{363D67C9-086C-4499-8AC4-EED58E6AB170}.Debug|iPhoneSimulator.Deploy.0 = Debug|Any CPU
		{363D67C9-086C-4499-8AC4-EED58E6AB170}.Release|Any CPU.ActiveCfg = Release|Any CPU
		{363D67C9-086C-4499-8AC4-EED58E6AB170}.Release|Any CPU.Build.0 = Release|Any CPU
		{363D67C9-086C-4499-8AC4-EED58E6AB170}.Release|Any CPU.Deploy.0 = Release|Any CPU
		{363D67C9-086C-4499-8AC4-EED58E6AB170}.Release|iPhone.ActiveCfg = Release|Any CPU
		{363D67C9-086C-4499-8AC4-EED58E6AB170}.Release|iPhone.Build.0 = Release|Any CPU
		{363D67C9-086C-4499-8AC4-EED58E6AB170}.Release|iPhone.Deploy.0 = Release|Any CPU
		{363D67C9-086C-4499-8AC4-EED58E6AB170}.Release|iPhoneSimulator.ActiveCfg = Release|Any CPU
		{363D67C9-086C-4499-8AC4-EED58E6AB170}.Release|iPhoneSimulator.Build.0 = Release|Any CPU
		{363D67C9-086C-4499-8AC4-EED58E6AB170}.Release|iPhoneSimulator.Deploy.0 = Release|Any CPU
	EndGlobalSection
	GlobalSection(SolutionProperties) = preSolution
		HideSolutionNode = FALSE
	EndGlobalSection
	GlobalSection(ExtensibilityGlobals) = postSolution
		SolutionGuid = {E8EC6163-BA75-4CE3-9DF5-9B9FB06E8C0C}
	EndGlobalSection
EndGlobal
